
Microsoft Visual Studio Solution File, Format Version 12.00
# Visual Studio Version 16
VisualStudioVersion = 16.0.31019.194
MinimumVisualStudioVersion = 10.0.40219.1
Project("{FAE04EC0-301F-11D3-BF4B-00C04F79EFBC}") = "CS_HW1", "CS_HW1\CS_HW1.csproj", "{019236F9-0D90-40FE-B7AA-4E6EF7F6A163}"
EndProject
Global
	GlobalSection(SolutionConfigurationPlatforms) = preSolution
		Debug|Any CPU = Debug|Any CPU
		Release|Any CPU = Release|Any CPU
	EndGlobalSection
	GlobalSection(ProjectConfigurationPlatforms) = postSolution
		{019236F9-0D90-40FE-B7AA-4E6EF7F6A163}.Debug|Any CPU.ActiveCfg = Debug|Any CPU
		{019236F9-0D90-40FE-B7AA-4E6EF7F6A163}.Debug|Any CPU.Build.0 = Debug|Any CPU
		{019236F9-0D90-40FE-B7AA-4E6EF7F6A163}.Release|Any CPU.ActiveCfg = Release|Any CPU
		{019236F9-0D90-40FE-B7AA-4E6EF7F6A163}.Release|Any CPU.Build.0 = Release|Any CPU
	EndGlobalSection
	GlobalSection(SolutionProperties) = preSolution
		HideSolutionNode = FALSE
	EndGlobalSection
	GlobalSection(ExtensibilityGlobals) = postSolution
		SolutionGuid = {37A76FE9-0053-4330-9045-7C3F6069E3DF}
	EndGlobalSection
EndGlobal
